
Microsoft Visual Studio Solution File, Format Version 12.00
# Visual Studio Version 17
VisualStudioVersion = 17.6.33723.286
MinimumVisualStudioVersion = 10.0.40219.1
Project("{00D1A9C2-B5F0-4AF3-8072-F6C62B433612}") = "Module-8", "Module-8\Module-8.sqlproj", "{C3E0F7A8-7A2F-4A1D-BFF1-D1876F6EFB07}"
EndProject
Global
	GlobalSection(SolutionConfigurationPlatforms) = preSolution
		Debug|Any CPU = Debug|Any CPU
		Release|Any CPU = Release|Any CPU
	EndGlobalSection
	GlobalSection(ProjectConfigurationPlatforms) = postSolution
		{C3E0F7A8-7A2F-4A1D-BFF1-D1876F6EFB07}.Debug|Any CPU.ActiveCfg = Debug|Any CPU
		{C3E0F7A8-7A2F-4A1D-BFF1-D1876F6EFB07}.Debug|Any CPU.Build.0 = Debug|Any CPU
		{C3E0F7A8-7A2F-4A1D-BFF1-D1876F6EFB07}.Debug|Any CPU.Deploy.0 = Debug|Any CPU
		{C3E0F7A8-7A2F-4A1D-BFF1-D1876F6EFB07}.Release|Any CPU.ActiveCfg = Release|Any CPU
		{C3E0F7A8-7A2F-4A1D-BFF1-D1876F6EFB07}.Release|Any CPU.Build.0 = Release|Any CPU
		{C3E0F7A8-7A2F-4A1D-BFF1-D1876F6EFB07}.Release|Any CPU.Deploy.0 = Release|Any CPU
	EndGlobalSection
	GlobalSection(SolutionProperties) = preSolution
		HideSolutionNode = FALSE
	EndGlobalSection
	GlobalSection(ExtensibilityGlobals) = postSolution
		SolutionGuid = {14984735-73F2-4E8E-B290-BBAC522BEF05}
	EndGlobalSection
EndGlobal
